
Microsoft Visual Studio Solution File, Format Version 12.00
# Visual Studio Version 17
VisualStudioVersion = 17.8.34316.72
MinimumVisualStudioVersion = 10.0.40219.1
Project("{FAE04EC0-301F-11D3-BF4B-00C04F79EFBC}") = "SmartEnums", "SmartEnums\SmartEnums.csproj", "{94E93906-2F6B-49CE-A289-C60175E0AAF3}"
EndProject
Global
	GlobalSection(SolutionConfigurationPlatforms) = preSolution
		Debug|Any CPU = Debug|Any CPU
		Release|Any CPU = Release|Any CPU
	EndGlobalSection
	GlobalSection(ProjectConfigurationPlatforms) = postSolution
		{94E93906-2F6B-49CE-A289-C60175E0AAF3}.Debug|Any CPU.ActiveCfg = Debug|Any CPU
		{94E93906-2F6B-49CE-A289-C60175E0AAF3}.Debug|Any CPU.Build.0 = Debug|Any CPU
		{94E93906-2F6B-49CE-A289-C60175E0AAF3}.Release|Any CPU.ActiveCfg = Release|Any CPU
		{94E93906-2F6B-49CE-A289-C60175E0AAF3}.Release|Any CPU.Build.0 = Release|Any CPU
	EndGlobalSection
	GlobalSection(SolutionProperties) = preSolution
		HideSolutionNode = FALSE
	EndGlobalSection
	GlobalSection(ExtensibilityGlobals) = postSolution
		SolutionGuid = {AF22CB5A-3B86-4968-9AE8-921472C0C3B6}
	EndGlobalSection
EndGlobal
